lockfileVersion: '9.0'

settings:
  autoInstallPeers: true
  excludeLinksFromLockfile: false

importers:

  .:
    dependencies:
      '@hotwired/turbo-rails':
        specifier: ^7.0.1
        version: 7.2.5
      '@rails/ujs':
        specifier: ^6.1.4-1
        version: 6.1.7
      bootstrap-sass:
        specifier: ^3.4.1
        version: 3.4.3
      bootswatch:
        specifier: 3.3.5
        version: 3.3.5
      esbuild:
        specifier: ^0.14.38
        version: 0.14.54
      font-awesome:
        specifier: 4.7.0
        version: 4.7.0
      jquery:
        specifier: ^3.5.1
        version: 3.6.3
      local-time:
        specifier: ^2.1.0
        version: 2.1.0
      sass:
        specifier: ^1.49.9
        version: 1.58.0

packages:

  '@esbuild/linux-loong64@0.14.54':
    resolution: {integrity: sha512-bZBrLAIX1kpWelV0XemxBZllyRmM6vgFQQG2GdNb+r3Fkp0FOh1NJSvekXDs7jq70k4euu1cryLMfU+mTXlEpw==}
    engines: {node: '>=12'}
    cpu: [loong64]
    os: [linux]

  '@hotwired/turbo-rails@7.2.5':
    resolution: {integrity: sha512-F8ztmARxd/XBdevRa//HoJGZ7u+Unb0J7cQUeUP+pBvt9Ta2TJJ7a2TORAOhjC8Zgxx+LKwm/1UUHqN3ojjiGw==}

  '@hotwired/turbo@7.2.5':
    resolution: {integrity: sha512-o5PByC/mWkmTe4pWnKrixhPECJUxIT/NHtxKqjq7n9Fj6JlNza1pgxdTCJVIq+PI0j95U+7mA3N4n4A/QYZtZQ==}
    engines: {node: '>= 14'}

  '@rails/actioncable@7.0.4':
    resolution: {integrity: sha512-tz4oM+Zn9CYsvtyicsa/AwzKZKL+ITHWkhiu7x+xF77clh2b4Rm+s6xnOgY/sGDWoFWZmtKsE95hxBPkgQQNnQ==}

  '@rails/ujs@6.1.7':
    resolution: {integrity: sha512-0e7WQ4LE/+LEfW2zfAw9ppsB6A8RmxbdAUPAF++UT80epY+7emuQDkKXmaK0a9lp6An50RvzezI0cIQjp1A58w==}

  anymatch@3.1.3:
    resolution: {integrity: sha512-KMReFUr0B4t+D+OBkjR3KYqvocp2XaSzO55UcB6mgQMd3KbcE+mWTyvVV7D/zsdEbNnV6acZUutkiHQXvTr1Rw==}
    engines: {node: '>= 8'}

  binary-extensions@2.2.0:
    resolution: {integrity: sha512-jDctJ/IVQbZoJykoeHbhXpOlNBqGNcwXJKJog42E5HDPUwQTSdjCHdihjj0DlnheQ7blbT6dHOafNAiS8ooQKA==}
    engines: {node: '>=8'}

  bootstrap-sass@3.4.3:
    resolution: {integrity: sha512-vPgFnGMp1jWZZupOND65WS6mkR8rxhJxndT/AcMbqcq1hHMdkcH4sMPhznLzzoHOHkSCrd6J9F8pWBriPCKP2Q==}

  bootswatch@3.3.5:
    resolution: {integrity: sha512-46+wMY1tv0nR+pQxxE5N/BncQclYwwa3GqnTmxlqnK39lhbgRSpdemFeYfMdstxYi+Ugk6SWKuBwDTMMoJkpcg==}
    engines: {node: '>= 0.10.0'}

  braces@3.0.2:
    resolution: {integrity: sha512-b8um+L1RzM3WDSzvhm6gIz1yfTbBt6YTlcEKAvsmqCZZFw46z626lVj9j1yEPW33H5H+lBQpZMP1k8l+78Ha0A==}
    engines: {node: '>=8'}

  chokidar@3.5.3:
    resolution: {integrity: sha512-Dr3sfKRP6oTcjf2JmUmFJfeVMvXBdegxB0iVQ5eb2V10uFJUCAS8OByZdVAyVb8xXNz3GjjTgj9kLWsZTqE6kw==}
    engines: {node: '>= 8.10.0'}

  esbuild-android-64@0.14.54:
    resolution: {integrity: sha512-Tz2++Aqqz0rJ7kYBfz+iqyE3QMycD4vk7LBRyWaAVFgFtQ/O8EJOnVmTOiDWYZ/uYzB4kvP+bqejYdVKzE5lAQ==}
    engines: {node: '>=12'}
    cpu: [x64]
    os: [android]

  esbuild-android-arm64@0.14.54:
    resolution: {integrity: sha512-F9E+/QDi9sSkLaClO8SOV6etqPd+5DgJje1F9lOWoNncDdOBL2YF59IhsWATSt0TLZbYCf3pNlTHvVV5VfHdvg==}
    engines: {node: '>=12'}
    cpu: [arm64]
    os: [android]

  esbuild-darwin-64@0.14.54:
    resolution: {integrity: sha512-jtdKWV3nBviOd5v4hOpkVmpxsBy90CGzebpbO9beiqUYVMBtSc0AL9zGftFuBon7PNDcdvNCEuQqw2x0wP9yug==}
    engines: {node: '>=12'}
    cpu: [x64]
    os: [darwin]

  esbuild-darwin-arm64@0.14.54:
    resolution: {integrity: sha512-OPafJHD2oUPyvJMrsCvDGkRrVCar5aVyHfWGQzY1dWnzErjrDuSETxwA2HSsyg2jORLY8yBfzc1MIpUkXlctmw==}
    engines: {node: '>=12'}
    cpu: [arm64]
    os: [darwin]

  esbuild-freebsd-64@0.14.54:
    resolution: {integrity: sha512-OKwd4gmwHqOTp4mOGZKe/XUlbDJ4Q9TjX0hMPIDBUWWu/kwhBAudJdBoxnjNf9ocIB6GN6CPowYpR/hRCbSYAg==}
    engines: {node: '>=12'}
    cpu: [x64]
    os: [freebsd]

  esbuild-freebsd-arm64@0.14.54:
    resolution: {integrity: sha512-sFwueGr7OvIFiQT6WeG0jRLjkjdqWWSrfbVwZp8iMP+8UHEHRBvlaxL6IuKNDwAozNUmbb8nIMXa7oAOARGs1Q==}
    engines: {node: '>=12'}
    cpu: [arm64]
    os: [freebsd]

  esbuild-linux-32@0.14.54:
    resolution: {integrity: sha512-1ZuY+JDI//WmklKlBgJnglpUL1owm2OX+8E1syCD6UAxcMM/XoWd76OHSjl/0MR0LisSAXDqgjT3uJqT67O3qw==}
    engines: {node: '>=12'}
    cpu: [ia32]
    os: [linux]

  esbuild-linux-64@0.14.54:
    resolution: {integrity: sha512-EgjAgH5HwTbtNsTqQOXWApBaPVdDn7XcK+/PtJwZLT1UmpLoznPd8c5CxqsH2dQK3j05YsB3L17T8vE7cp4cCg==}
    engines: {node: '>=12'}
    cpu: [x64]
    os: [linux]

  esbuild-linux-arm64@0.14.54:
    resolution: {integrity: sha512-WL71L+0Rwv+Gv/HTmxTEmpv0UgmxYa5ftZILVi2QmZBgX3q7+tDeOQNqGtdXSdsL8TQi1vIaVFHUPDe0O0kdig==}
    engines: {node: '>=12'}
    cpu: [arm64]
    os: [linux]

  esbuild-linux-arm@0.14.54:
    resolution: {integrity: sha512-qqz/SjemQhVMTnvcLGoLOdFpCYbz4v4fUo+TfsWG+1aOu70/80RV6bgNpR2JCrppV2moUQkww+6bWxXRL9YMGw==}
    engines: {node: '>=12'}
    cpu: [arm]
    os: [linux]

  esbuild-linux-mips64le@0.14.54:
    resolution: {integrity: sha512-qTHGQB8D1etd0u1+sB6p0ikLKRVuCWhYQhAHRPkO+OF3I/iSlTKNNS0Lh2Oc0g0UFGguaFZZiPJdJey3AGpAlw==}
    engines: {node: '>=12'}
    cpu: [mips64el]
    os: [linux]

  esbuild-linux-ppc64le@0.14.54:
    resolution: {integrity: sha512-j3OMlzHiqwZBDPRCDFKcx595XVfOfOnv68Ax3U4UKZ3MTYQB5Yz3X1mn5GnodEVYzhtZgxEBidLWeIs8FDSfrQ==}
    engines: {node: '>=12'}
    cpu: [ppc64]
    os: [linux]

  esbuild-linux-riscv64@0.14.54:
    resolution: {integrity: sha512-y7Vt7Wl9dkOGZjxQZnDAqqn+XOqFD7IMWiewY5SPlNlzMX39ocPQlOaoxvT4FllA5viyV26/QzHtvTjVNOxHZg==}
    engines: {node: '>=12'}
    cpu: [riscv64]
    os: [linux]

  esbuild-linux-s390x@0.14.54:
    resolution: {integrity: sha512-zaHpW9dziAsi7lRcyV4r8dhfG1qBidQWUXweUjnw+lliChJqQr+6XD71K41oEIC3Mx1KStovEmlzm+MkGZHnHA==}
    engines: {node: '>=12'}
    cpu: [s390x]
    os: [linux]

  esbuild-netbsd-64@0.14.54:
    resolution: {integrity: sha512-PR01lmIMnfJTgeU9VJTDY9ZerDWVFIUzAtJuDHwwceppW7cQWjBBqP48NdeRtoP04/AtO9a7w3viI+PIDr6d+w==}
    engines: {node: '>=12'}
    cpu: [x64]
    os: [netbsd]

  esbuild-openbsd-64@0.14.54:
    resolution: {integrity: sha512-Qyk7ikT2o7Wu76UsvvDS5q0amJvmRzDyVlL0qf5VLsLchjCa1+IAvd8kTBgUxD7VBUUVgItLkk609ZHUc1oCaw==}
    engines: {node: '>=12'}
    cpu: [x64]
    os: [openbsd]

  esbuild-sunos-64@0.14.54:
    resolution: {integrity: sha512-28GZ24KmMSeKi5ueWzMcco6EBHStL3B6ubM7M51RmPwXQGLe0teBGJocmWhgwccA1GeFXqxzILIxXpHbl9Q/Kw==}
    engines: {node: '>=12'}
    cpu: [x64]
    os: [sunos]

  esbuild-windows-32@0.14.54:
    resolution: {integrity: sha512-T+rdZW19ql9MjS7pixmZYVObd9G7kcaZo+sETqNH4RCkuuYSuv9AGHUVnPoP9hhuE1WM1ZimHz1CIBHBboLU7w==}
    engines: {node: '>=12'}
    cpu: [ia32]
    os: [win32]

  esbuild-windows-64@0.14.54:
    resolution: {integrity: sha512-AoHTRBUuYwXtZhjXZbA1pGfTo8cJo3vZIcWGLiUcTNgHpJJMC1rVA44ZereBHMJtotyN71S8Qw0npiCIkW96cQ==}
    engines: {node: '>=12'}
    cpu: [x64]
    os: [win32]

  esbuild-windows-arm64@0.14.54:
    resolution: {integrity: sha512-M0kuUvXhot1zOISQGXwWn6YtS+Y/1RT9WrVIOywZnJHo3jCDyewAc79aKNQWFCQm+xNHVTq9h8dZKvygoXQQRg==}
    engines: {node: '>=12'}
    cpu: [arm64]
    os: [win32]

  esbuild@0.14.54:
    resolution: {integrity: sha512-Cy9llcy8DvET5uznocPyqL3BFRrFXSVqbgpMJ9Wz8oVjZlh/zUSNbPRbov0VX7VxN2JH1Oa0uNxZ7eLRb62pJA==}
    engines: {node: '>=12'}

  fill-range@7.0.1:
    resolution: {integrity: sha512-qOo9F+dMUmC2Lcb4BbVvnKJxTPjCm+RRpe4gDuGrzkL7mEVl/djYSu2OdQ2Pa302N4oqkSg9ir6jaLWJ2USVpQ==}
    engines: {node: '>=8'}

  font-awesome@4.7.0:
    resolution: {integrity: sha512-U6kGnykA/6bFmg1M/oT9EkFeIYv7JlX3bozwQJWiiLz6L0w3F5vBVPxHlwyX/vtNq1ckcpRKOB9f2Qal/VtFpg==}
    engines: {node: '>=0.10.3'}

  fsevents@2.3.2:
    resolution: {integrity: sha512-xiqMQR4xAeHTuB9uWm+fFRcIOgKBMiOBP+eXiyT7jsgVCq1bkVygt00oASowB7EdtpOHaaPgKt812P9ab+DDKA==}
    engines: {node: ^8.16.0 || ^10.6.0 || >=11.0.0}
    os: [darwin]

  glob-parent@5.1.2:
    resolution: {integrity: sha512-AOIgSQCepiJYwP3ARnGx+5VnTu2HBYdzbGP45eLw1vr3zB3vZLeyed1sC9hnbcOc9/SrMyM5RPQrkGz4aS9Zow==}
    engines: {node: '>= 6'}

  immutable@4.2.4:
    resolution: {integrity: sha512-WDxL3Hheb1JkRN3sQkyujNlL/xRjAo3rJtaU5xeufUauG66JdMr32bLj4gF+vWl84DIA3Zxw7tiAjneYzRRw+w==}

  is-binary-path@2.1.0:
    resolution: {integrity: sha512-ZMERYes6pDydyuGidse7OsHxtbI7WVeUEozgR/g7rd0xUimYNlvZRE/K2MgZTjWy725IfelLeVcEM97mmtRGXw==}
    engines: {node: '>=8'}

  is-extglob@2.1.1:
    resolution: {integrity: sha512-SbKbANkN603Vi4jEZv49LeVJMn4yGwsbzZworEoyEiutsN3nJYdbO36zfhGJ6QEDpOZIFkDtnq5JRxmvl3jsoQ==}
    engines: {node: '>=0.10.0'}

  is-glob@4.0.3:
    resolution: {integrity: sha512-xelSayHH36ZgE7ZWhli7pW34hNbNl8Ojv5KVmkJD4hBdD3th8Tfk9vYasLM+mXWOZhFkgZfxhLSnrwRr4elSSg==}
    engines: {node: '>=0.10.0'}

  is-number@7.0.0:
    resolution: {integrity: sha512-41Cifkg6e8TylSpdtTpeLVMqvSBEVzTttHvERD741+pnZ8ANv0004MRL43QKPDlK9cGvNp6NZWZUBlbGXYxxng==}
    engines: {node: '>=0.12.0'}

  jquery@3.6.3:
    resolution: {integrity: sha512-bZ5Sy3YzKo9Fyc8wH2iIQK4JImJ6R0GWI9kL1/k7Z91ZBNgkRXE6U0JfHIizZbort8ZunhSI3jw9I6253ahKfg==}

  local-time@2.1.0:
    resolution: {integrity: sha512-4rB/8EkJIZ8O8Y5q536fSsRbzXOI0cL30l3ZKm4ISPC4D8jYOhRp/MpAaGKAYUvVIqkojT0c7kJk0RlnwtlR2w==}

  normalize-path@3.0.0:
    resolution: {integrity: sha512-6eZs5Ls3WtCisHWp9S2GUy8dqkpGi4BVSz3GaqiE6ezub0512ESztXUwUB6C6IKbQkY2Pnb/mD4WYojCRwcwLA==}
    engines: {node: '>=0.10.0'}

  picomatch@2.3.1:
    resolution: {integrity: sha512-JU3teHTNjmE2VCGFzuY8EXzCDVwEqB2a8fsIvwaStHhAWJEeVd1o1QD80CU6+ZdEXXSLbSsuLwJjkCBWqRQUVA==}
    engines: {node: '>=8.6'}

  readdirp@3.6.0:
    resolution: {integrity: sha512-hOS089on8RduqdbhvQ5Z37A0ESjsqz6qnRcffsMU3495FuTdqSm+7bhJ29JvIOsBDEEnan5DPu9t3To9VRlMzA==}
    engines: {node: '>=8.10.0'}

  sass@1.58.0:
    resolution: {integrity: sha512-PiMJcP33DdKtZ/1jSjjqVIKihoDc6yWmYr9K/4r3fVVIEDAluD0q7XZiRKrNJcPK3qkLRF/79DND1H5q1LBjgg==}
    engines: {node: '>=12.0.0'}

  source-map-js@1.0.2:
    resolution: {integrity: sha512-R0XvVJ9WusLiqTCEiGCmICCMplcCkIwwR11mOSD9CR5u+IXYdiseeEuXCVAjS54zqwkLcPNnmU4OeJ6tUrWhDw==}
    engines: {node: '>=0.10.0'}

  to-regex-range@5.0.1:
    resolution: {integrity: sha512-65P7iz6X5yEr1cwcgvQxbbIw7Uk3gOy5dIdtZ4rDveLqhrdJP+Li/Hx6tyK0NEb+2GCyneCMJiGqrADCSNk8sQ==}
    engines: {node: '>=8.0'}

snapshots:

  '@esbuild/linux-loong64@0.14.54':
    optional: true

  '@hotwired/turbo-rails@7.2.5':
    dependencies:
      '@hotwired/turbo': 7.2.5
      '@rails/actioncable': 7.0.4

  '@hotwired/turbo@7.2.5': {}

  '@rails/actioncable@7.0.4': {}

  '@rails/ujs@6.1.7': {}

  anymatch@3.1.3:
    dependencies:
      normalize-path: 3.0.0
      picomatch: 2.3.1

  binary-extensions@2.2.0: {}

  bootstrap-sass@3.4.3: {}

  bootswatch@3.3.5: {}

  braces@3.0.2:
    dependencies:
      fill-range: 7.0.1

  chokidar@3.5.3:
    dependencies:
      anymatch: 3.1.3
      braces: 3.0.2
      glob-parent: 5.1.2
      is-binary-path: 2.1.0
      is-glob: 4.0.3
      normalize-path: 3.0.0
      readdirp: 3.6.0
    optionalDependencies:
      fsevents: 2.3.2

  esbuild-android-64@0.14.54:
    optional: true

  esbuild-android-arm64@0.14.54:
    optional: true

  esbuild-darwin-64@0.14.54:
    optional: true

  esbuild-darwin-arm64@0.14.54:
    optional: true

  esbuild-freebsd-64@0.14.54:
    optional: true

  esbuild-freebsd-arm64@0.14.54:
    optional: true

  esbuild-linux-32@0.14.54:
    optional: true

  esbuild-linux-64@0.14.54:
    optional: true

  esbuild-linux-arm64@0.14.54:
    optional: true

  esbuild-linux-arm@0.14.54:
    optional: true

  esbuild-linux-mips64le@0.14.54:
    optional: true

  esbuild-linux-ppc64le@0.14.54:
    optional: true

  esbuild-linux-riscv64@0.14.54:
    optional: true

  esbuild-linux-s390x@0.14.54:
    optional: true

  esbuild-netbsd-64@0.14.54:
    optional: true

  esbuild-openbsd-64@0.14.54:
    optional: true

  esbuild-sunos-64@0.14.54:
    optional: true

  esbuild-windows-32@0.14.54:
    optional: true

  esbuild-windows-64@0.14.54:
    optional: true

  esbuild-windows-arm64@0.14.54:
    optional: true

  esbuild@0.14.54:
    optionalDependencies:
      '@esbuild/linux-loong64': 0.14.54
      esbuild-android-64: 0.14.54
      esbuild-android-arm64: 0.14.54
      esbuild-darwin-64: 0.14.54
      esbuild-darwin-arm64: 0.14.54
      esbuild-freebsd-64: 0.14.54
      esbuild-freebsd-arm64: 0.14.54
      esbuild-linux-32: 0.14.54
      esbuild-linux-64: 0.14.54
      esbuild-linux-arm: 0.14.54
      esbuild-linux-arm64: 0.14.54
      esbuild-linux-mips64le: 0.14.54
      esbuild-linux-ppc64le: 0.14.54
      esbuild-linux-riscv64: 0.14.54
      esbuild-linux-s390x: 0.14.54
      esbuild-netbsd-64: 0.14.54
      esbuild-openbsd-64: 0.14.54
      esbuild-sunos-64: 0.14.54
      esbuild-windows-32: 0.14.54
      esbuild-windows-64: 0.14.54
      esbuild-windows-arm64: 0.14.54

  fill-range@7.0.1:
    dependencies:
      to-regex-range: 5.0.1

  font-awesome@4.7.0: {}

  fsevents@2.3.2:
    optional: true

  glob-parent@5.1.2:
    dependencies:
      is-glob: 4.0.3

  immutable@4.2.4: {}

  is-binary-path@2.1.0:
    dependencies:
      binary-extensions: 2.2.0

  is-extglob@2.1.1: {}

  is-glob@4.0.3:
    dependencies:
      is-extglob: 2.1.1

  is-number@7.0.0: {}

  jquery@3.6.3: {}

  local-time@2.1.0: {}

  normalize-path@3.0.0: {}

  picomatch@2.3.1: {}

  readdirp@3.6.0:
    dependencies:
      picomatch: 2.3.1

  sass@1.58.0:
    dependencies:
      chokidar: 3.5.3
      immutable: 4.2.4
      source-map-js: 1.0.2

  source-map-js@1.0.2: {}

  to-regex-range@5.0.1:
    dependencies:
      is-number: 7.0.0
